
Microsoft Visual Studio Solution File, Format Version 12.00
# Visual Studio Version 16
VisualStudioVersion = 16.0.31005.135
MinimumVisualStudioVersion = 10.0.40219.1
Project("{9A19103F-16F7-4668-BE54-9A1E7A4F7556}") = "DataAccess", "DataAccess\DataAccess.csproj", "{747E9AAE-7FCE-4654-B43D-D5BB03179FA9}"
EndProject
Project("{9A19103F-16F7-4668-BE54-9A1E7A4F7556}") = "Business", "Business\Business.csproj", "{F1B042B4-88F9-4D61-8E62-60C396814ECE}"
EndProject
Project("{9A19103F-16F7-4668-BE54-9A1E7A4F7556}") = "Entities", "Entities\Entities.csproj", "{E5ED71F0-668D-49A7-808D-77E70BE3D82D}"
EndProject
Project("{9A19103F-16F7-4668-BE54-9A1E7A4F7556}") = "ConsoleUI", "ConsoleUI\ConsoleUI.csproj", "{37A306D9-7369-42A6-A661-661D6DFEFDB9}"
EndProject
Project("{9A19103F-16F7-4668-BE54-9A1E7A4F7556}") = "Core", "Core\Core.csproj", "{ECC94547-309B-467D-9CA1-9E4BA12D95CC}"
EndProject
Project("{FAE04EC0-301F-11D3-BF4B-00C04F79EFBC}") = "WebAPI", "WebAPI\WebAPI.csproj", "{60120E1A-CCAC-4193-9A26-604A314672B0}"
EndProject
Global
	GlobalSection(SolutionConfigurationPlatforms) = preSolution
		Debug|Any CPU = Debug|Any CPU
		Release|Any CPU = Release|Any CPU
	EndGlobalSection
	GlobalSection(ProjectConfigurationPlatforms) = postSolution
		{747E9AAE-7FCE-4654-B43D-D5BB03179FA9}.Debug|Any CPU.ActiveCfg = Debug|Any CPU
		{747E9AAE-7FCE-4654-B43D-D5BB03179FA9}.Debug|Any CPU.Build.0 = Debug|Any CPU
		{747E9AAE-7FCE-4654-B43D-D5BB03179FA9}.Release|Any CPU.ActiveCfg = Release|Any CPU
		{747E9AAE-7FCE-4654-B43D-D5BB03179FA9}.Release|Any CPU.Build.0 = Release|Any CPU
		{F1B042B4-88F9-4D61-8E62-60C396814ECE}.Debug|Any CPU.ActiveCfg = Debug|Any CPU
		{F1B042B4-88F9-4D61-8E62-60C396814ECE}.Debug|Any CPU.Build.0 = Debug|Any CPU
		{F1B042B4-88F9-4D61-8E62-60C396814ECE}.Release|Any CPU.ActiveCfg = Release|Any CPU
		{F1B042B4-88F9-4D61-8E62-60C396814ECE}.Release|Any CPU.Build.0 = Release|Any CPU
		{E5ED71F0-668D-49A7-808D-77E70BE3D82D}.Debug|Any CPU.ActiveCfg = Debug|Any CPU
		{E5ED71F0-668D-49A7-808D-77E70BE3D82D}.Debug|Any CPU.Build.0 = Debug|Any CPU
		{E5ED71F0-668D-49A7-808D-77E70BE3D82D}.Release|Any CPU.ActiveCfg = Release|Any CPU
		{E5ED71F0-668D-49A7-808D-77E70BE3D82D}.Release|Any CPU.Build.0 = Release|Any CPU
		{37A306D9-7369-42A6-A661-661D6DFEFDB9}.Debug|Any CPU.ActiveCfg = Debug|Any CPU
		{37A306D9-7369-42A6-A661-661D6DFEFDB9}.Debug|Any CPU.Build.0 = Debug|Any CPU
		{37A306D9-7369-42A6-A661-661D6DFEFDB9}.Release|Any CPU.ActiveCfg = Release|Any CPU
		{37A306D9-7369-42A6-A661-661D6DFEFDB9}.Release|Any CPU.Build.0 = Release|Any CPU
		{ECC94547-309B-467D-9CA1-9E4BA12D95CC}.Debug|Any CPU.ActiveCfg = Debug|Any CPU
		{ECC94547-309B-467D-9CA1-9E4BA12D95CC}.Debug|Any CPU.Build.0 = Debug|Any CPU
		{ECC94547-309B-467D-9CA1-9E4BA12D95CC}.Release|Any CPU.ActiveCfg = Release|Any CPU
		{ECC94547-309B-467D-9CA1-9E4BA12D95CC}.Release|Any CPU.Build.0 = Release|Any CPU
		{60120E1A-CCAC-4193-9A26-604A314672B0}.Debug|Any CPU.ActiveCfg = Debug|Any CPU
		{60120E1A-CCAC-4193-9A26-604A314672B0}.Debug|Any CPU.Build.0 = Debug|Any CPU
		{60120E1A-CCAC-4193-9A26-604A314672B0}.Release|Any CPU.ActiveCfg = Release|Any CPU
		{60120E1A-CCAC-4193-9A26-604A314672B0}.Release|Any CPU.Build.0 = Release|Any CPU
	EndGlobalSection
	GlobalSection(SolutionProperties) = preSolution
		HideSolutionNode = FALSE
	EndGlobalSection
	GlobalSection(ExtensibilityGlobals) = postSolution
		SolutionGuid = {F990CC10-D965-4B2E-8392-DD769FBE7813}
	EndGlobalSection
EndGlobal
